
Microsoft Visual Studio Solution File, Format Version 12.00
# Visual Studio Express 2013 for Windows Desktop
VisualStudioVersion = 12.0.31101.0
MinimumVisualStudioVersion = 10.0.40219.1
Project("{FAE04EC0-301F-11D3-BF4B-00C04F79EFBC}") = "DataModel", "Trail-01\DataModel\DataModel.csproj", "{7615755A-AF84-4754-A74C-334D1F272DAE}"
EndProject
Project("{FAE04EC0-301F-11D3-BF4B-00C04F79EFBC}") = "ConsumerApp", "Trail-01\ConsumerApp\ConsumerApp.csproj", "{0CA4217B-48D9-4E84-94DF-914B3C202B91}"
EndProject
Project("{2150E333-8FDC-42A3-9474-1A3956D46DE8}") = "Trail-01", "Trail-01", "{7149F6A3-3CB6-4386-ACE9-A6E94242D8D7}"
EndProject
Project("{2150E333-8FDC-42A3-9474-1A3956D46DE8}") = "Trail-02", "Trail-02", "{080D23AC-D708-4730-B5A9-A2DE1D8FB19E}"
EndProject
Project("{2150E333-8FDC-42A3-9474-1A3956D46DE8}") = "Trail-03", "Trail-03", "{DC5B1291-6C17-4412-915D-85EBB7D1F38F}"
EndProject
Project("{FAE04EC0-301F-11D3-BF4B-00C04F79EFBC}") = "DataModel", "Trail-02\DataModel\DataModel.csproj", "{1779E190-389F-4225-9344-5C1C340E6CB6}"
EndProject
Project("{FAE04EC0-301F-11D3-BF4B-00C04F79EFBC}") = "ConsumerApp", "Trail-02\ConsumerApp\ConsumerApp.csproj", "{518E853F-2282-44A7-87EB-7287E92E6114}"
EndProject
Project("{2150E333-8FDC-42A3-9474-1A3956D46DE8}") = "Trail-00", "Trail-00", "{C57AAEA2-9C32-4496-A69C-46039D31A73A}"
EndProject
Project("{FAE04EC0-301F-11D3-BF4B-00C04F79EFBC}") = "KnowThese", "Trail-00\KnowThese\KnowThese.csproj", "{F162F69C-15D4-4675-B67C-071B14C6B6C3}"
EndProject
Project("{FAE04EC0-301F-11D3-BF4B-00C04F79EFBC}") = "DataModel", "Trail-03\DataModel\DataModel.csproj", "{F18AB02D-A910-402C-B27D-E6BD12D09876}"
EndProject
Project("{FAE04EC0-301F-11D3-BF4B-00C04F79EFBC}") = "ConsumerApp", "Trail-03\ConsumerApp\ConsumerApp.csproj", "{3086AB49-C805-44ED-8C28-7B4CFDA82F6B}"
EndProject
Project("{2150E333-8FDC-42A3-9474-1A3956D46DE8}") = "Trail-04", "Trail-04", "{70F35C33-96C8-4AF7-8539-E2FAE72CD93C}"
EndProject
Project("{FAE04EC0-301F-11D3-BF4B-00C04F79EFBC}") = "DataModel", "Trail-04\DataModel\DataModel.csproj", "{2A82FD55-158B-46FD-8074-7D85308B339A}"
EndProject
Project("{FAE04EC0-301F-11D3-BF4B-00C04F79EFBC}") = "ConsumerApp", "Trail-04\ConsumerApp\ConsumerApp.csproj", "{B6D55F29-7B8A-4C16-B4D2-04C6C4B004B6}"
EndProject
Project("{2150E333-8FDC-42A3-9474-1A3956D46DE8}") = "Trail-05", "Trail-05", "{A4D8806C-3A4A-4EB6-8C15-7FC02363BEAD}"
EndProject
Project("{FAE04EC0-301F-11D3-BF4B-00C04F79EFBC}") = "DataModel", "Trail-05\DataModel\DataModel.csproj", "{1FF9D198-BF4D-40D0-8715-8877DCC5CBB7}"
EndProject
Project("{FAE04EC0-301F-11D3-BF4B-00C04F79EFBC}") = "ConsumerApp", "Trail-05\ConsumerApp\ConsumerApp.csproj", "{27BCFE3B-EF79-4763-B1A0-1CC8DB53DAB2}"
EndProject
Global
	GlobalSection(SolutionConfigurationPlatforms) = preSolution
		Debug|Any CPU = Debug|Any CPU
		Release|Any CPU = Release|Any CPU
	EndGlobalSection
	GlobalSection(ProjectConfigurationPlatforms) = postSolution
		{7615755A-AF84-4754-A74C-334D1F272DAE}.Debug|Any CPU.ActiveCfg = Debug|Any CPU
		{7615755A-AF84-4754-A74C-334D1F272DAE}.Debug|Any CPU.Build.0 = Debug|Any CPU
		{7615755A-AF84-4754-A74C-334D1F272DAE}.Release|Any CPU.ActiveCfg = Release|Any CPU
		{7615755A-AF84-4754-A74C-334D1F272DAE}.Release|Any CPU.Build.0 = Release|Any CPU
		{0CA4217B-48D9-4E84-94DF-914B3C202B91}.Debug|Any CPU.ActiveCfg = Debug|Any CPU
		{0CA4217B-48D9-4E84-94DF-914B3C202B91}.Debug|Any CPU.Build.0 = Debug|Any CPU
		{0CA4217B-48D9-4E84-94DF-914B3C202B91}.Release|Any CPU.ActiveCfg = Release|Any CPU
		{0CA4217B-48D9-4E84-94DF-914B3C202B91}.Release|Any CPU.Build.0 = Release|Any CPU
		{1779E190-389F-4225-9344-5C1C340E6CB6}.Debug|Any CPU.ActiveCfg = Debug|Any CPU
		{1779E190-389F-4225-9344-5C1C340E6CB6}.Debug|Any CPU.Build.0 = Debug|Any CPU
		{1779E190-389F-4225-9344-5C1C340E6CB6}.Release|Any CPU.ActiveCfg = Release|Any CPU
		{1779E190-389F-4225-9344-5C1C340E6CB6}.Release|Any CPU.Build.0 = Release|Any CPU
		{518E853F-2282-44A7-87EB-7287E92E6114}.Debug|Any CPU.ActiveCfg = Debug|Any CPU
		{518E853F-2282-44A7-87EB-7287E92E6114}.Debug|Any CPU.Build.0 = Debug|Any CPU
		{518E853F-2282-44A7-87EB-7287E92E6114}.Release|Any CPU.ActiveCfg = Release|Any CPU
		{518E853F-2282-44A7-87EB-7287E92E6114}.Release|Any CPU.Build.0 = Release|Any CPU
		{F162F69C-15D4-4675-B67C-071B14C6B6C3}.Debug|Any CPU.ActiveCfg = Debug|Any CPU
		{F162F69C-15D4-4675-B67C-071B14C6B6C3}.Debug|Any CPU.Build.0 = Debug|Any CPU
		{F162F69C-15D4-4675-B67C-071B14C6B6C3}.Release|Any CPU.ActiveCfg = Release|Any CPU
		{F162F69C-15D4-4675-B67C-071B14C6B6C3}.Release|Any CPU.Build.0 = Release|Any CPU
		{F18AB02D-A910-402C-B27D-E6BD12D09876}.Debug|Any CPU.ActiveCfg = Debug|Any CPU
		{F18AB02D-A910-402C-B27D-E6BD12D09876}.Debug|Any CPU.Build.0 = Debug|Any CPU
		{F18AB02D-A910-402C-B27D-E6BD12D09876}.Release|Any CPU.ActiveCfg = Release|Any CPU
		{F18AB02D-A910-402C-B27D-E6BD12D09876}.Release|Any CPU.Build.0 = Release|Any CPU
		{3086AB49-C805-44ED-8C28-7B4CFDA82F6B}.Debug|Any CPU.ActiveCfg = Debug|Any CPU
		{3086AB49-C805-44ED-8C28-7B4CFDA82F6B}.Debug|Any CPU.Build.0 = Debug|Any CPU
		{3086AB49-C805-44ED-8C28-7B4CFDA82F6B}.Release|Any CPU.ActiveCfg = Release|Any CPU
		{3086AB49-C805-44ED-8C28-7B4CFDA82F6B}.Release|Any CPU.Build.0 = Release|Any CPU
		{2A82FD55-158B-46FD-8074-7D85308B339A}.Debug|Any CPU.ActiveCfg = Debug|Any CPU
		{2A82FD55-158B-46FD-8074-7D85308B339A}.Debug|Any CPU.Build.0 = Debug|Any CPU
		{2A82FD55-158B-46FD-8074-7D85308B339A}.Release|Any CPU.ActiveCfg = Release|Any CPU
		{2A82FD55-158B-46FD-8074-7D85308B339A}.Release|Any CPU.Build.0 = Release|Any CPU
		{B6D55F29-7B8A-4C16-B4D2-04C6C4B004B6}.Debug|Any CPU.ActiveCfg = Debug|Any CPU
		{B6D55F29-7B8A-4C16-B4D2-04C6C4B004B6}.Debug|Any CPU.Build.0 = Debug|Any CPU
		{B6D55F29-7B8A-4C16-B4D2-04C6C4B004B6}.Release|Any CPU.ActiveCfg = Release|Any CPU
		{B6D55F29-7B8A-4C16-B4D2-04C6C4B004B6}.Release|Any CPU.Build.0 = Release|Any CPU
		{1FF9D198-BF4D-40D0-8715-8877DCC5CBB7}.Debug|Any CPU.ActiveCfg = Debug|Any CPU
		{1FF9D198-BF4D-40D0-8715-8877DCC5CBB7}.Debug|Any CPU.Build.0 = Debug|Any CPU
		{1FF9D198-BF4D-40D0-8715-8877DCC5CBB7}.Release|Any CPU.ActiveCfg = Release|Any CPU
		{1FF9D198-BF4D-40D0-8715-8877DCC5CBB7}.Release|Any CPU.Build.0 = Release|Any CPU
		{27BCFE3B-EF79-4763-B1A0-1CC8DB53DAB2}.Debug|Any CPU.ActiveCfg = Debug|Any CPU
		{27BCFE3B-EF79-4763-B1A0-1CC8DB53DAB2}.Debug|Any CPU.Build.0 = Debug|Any CPU
		{27BCFE3B-EF79-4763-B1A0-1CC8DB53DAB2}.Release|Any CPU.ActiveCfg = Release|Any CPU
		{27BCFE3B-EF79-4763-B1A0-1CC8DB53DAB2}.Release|Any CPU.Build.0 = Release|Any CPU
	EndGlobalSection
	GlobalSection(SolutionProperties) = preSolution
		HideSolutionNode = FALSE
	EndGlobalSection
	GlobalSection(NestedProjects) = preSolution
		{7615755A-AF84-4754-A74C-334D1F272DAE} = {7149F6A3-3CB6-4386-ACE9-A6E94242D8D7}
		{0CA4217B-48D9-4E84-94DF-914B3C202B91} = {7149F6A3-3CB6-4386-ACE9-A6E94242D8D7}
		{1779E190-389F-4225-9344-5C1C340E6CB6} = {080D23AC-D708-4730-B5A9-A2DE1D8FB19E}
		{518E853F-2282-44A7-87EB-7287E92E6114} = {080D23AC-D708-4730-B5A9-A2DE1D8FB19E}
		{F162F69C-15D4-4675-B67C-071B14C6B6C3} = {C57AAEA2-9C32-4496-A69C-46039D31A73A}
		{F18AB02D-A910-402C-B27D-E6BD12D09876} = {DC5B1291-6C17-4412-915D-85EBB7D1F38F}
		{3086AB49-C805-44ED-8C28-7B4CFDA82F6B} = {DC5B1291-6C17-4412-915D-85EBB7D1F38F}
		{2A82FD55-158B-46FD-8074-7D85308B339A} = {70F35C33-96C8-4AF7-8539-E2FAE72CD93C}
		{B6D55F29-7B8A-4C16-B4D2-04C6C4B004B6} = {70F35C33-96C8-4AF7-8539-E2FAE72CD93C}
		{1FF9D198-BF4D-40D0-8715-8877DCC5CBB7} = {A4D8806C-3A4A-4EB6-8C15-7FC02363BEAD}
		{27BCFE3B-EF79-4763-B1A0-1CC8DB53DAB2} = {A4D8806C-3A4A-4EB6-8C15-7FC02363BEAD}
	EndGlobalSection
EndGlobal
